
Microsoft Visual Studio Solution File, Format Version 12.00
# Visual Studio Version 17
VisualStudioVersion = 17.7.34024.191
MinimumVisualStudioVersion = 10.0.40219.1
Project("{FAE04EC0-301F-11D3-BF4B-00C04F79EFBC}") = "Graficar_Triangulo", "Graficar_Triangulo\Graficar_Triangulo.csproj", "{548EEA11-D9A5-4567-9F12-02DBAC7F1711}"
EndProject
Global
	GlobalSection(SolutionConfigurationPlatforms) = preSolution
		Debug|Any CPU = Debug|Any CPU
		Release|Any CPU = Release|Any CPU
	EndGlobalSection
	GlobalSection(ProjectConfigurationPlatforms) = postSolution
		{548EEA11-D9A5-4567-9F12-02DBAC7F1711}.Debug|Any CPU.ActiveCfg = Debug|Any CPU
		{548EEA11-D9A5-4567-9F12-02DBAC7F1711}.Debug|Any CPU.Build.0 = Debug|Any CPU
		{548EEA11-D9A5-4567-9F12-02DBAC7F1711}.Release|Any CPU.ActiveCfg = Release|Any CPU
		{548EEA11-D9A5-4567-9F12-02DBAC7F1711}.Release|Any CPU.Build.0 = Release|Any CPU
	EndGlobalSection
	GlobalSection(SolutionProperties) = preSolution
		HideSolutionNode = FALSE
	EndGlobalSection
	GlobalSection(ExtensibilityGlobals) = postSolution
		SolutionGuid = {473DB047-30F7-4616-844B-6EE4A0E88787}
	EndGlobalSection
EndGlobal
